// !$*UTF8*$!
{
	archiveVersion = 1;
	classes = {
	};
	objectVersion = 56;
	objects = {

/* Begin PBXBuildFile section */
		A10001 /* TalkTypeApp.swift in Sources */ = {isa = PBXBuildFile; fileRef = B10001; };
		A10002 /* DictationManager.swift in Sources */ = {isa = PBXBuildFile; fileRef = B10002; };
		A10003 /* AudioRecorder.swift in Sources */ = {isa = PBXBuildFile; fileRef = B10003; };
		A10004 /* Transcriber.swift in Sources */ = {isa = PBXBuildFile; fileRef = B10004; };
		A10005 /* TextInserter.swift in Sources */ = {isa = PBXBuildFile; fileRef = B10005; };
		A10006 /* HotkeyManager.swift in Sources */ = {isa = PBXBuildFile; fileRef = B10006; };
		A10007 /* KeyStorage.swift in Sources */ = {isa = PBXBuildFile; fileRef = B10007; };
		A10008 /* VocabularyStore.swift in Sources */ = {isa = PBXBuildFile; fileRef = B10008; };
		A10009 /* OverlayWindow.swift in Sources */ = {isa = PBXBuildFile; fileRef = B10009; };
		A10010 /* Config.swift in Sources */ = {isa = PBXBuildFile; fileRef = B10010; };
		A10011 /* AppIdentity.swift in Sources */ = {isa = PBXBuildFile; fileRef = B10011; };
		A10012 /* PostProcessor.swift in Sources */ = {isa = PBXBuildFile; fileRef = B10012; };
		A10013 /* Assets.xcassets in Resources */ = {isa = PBXBuildFile; fileRef = B10015; };
		A10014 /* HotkeySettingsWindow.swift in Sources */ = {isa = PBXBuildFile; fileRef = B10016; };
		A10015 /* KeyboardShortcuts in Frameworks */ = {isa = PBXBuildFile; productRef = PKG10002; };
		A20001 /* TalkTypeiOSApp.swift in Sources */ = {isa = PBXBuildFile; fileRef = B20001; };
		A20002 /* SettingsView.swift in Sources */ = {isa = PBXBuildFile; fileRef = B20002; };
		A20003 /* Transcriber.swift in Sources */ = {isa = PBXBuildFile; fileRef = B10004; };
		A20004 /* AudioRecorder.swift in Sources */ = {isa = PBXBuildFile; fileRef = B10003; };
		A20005 /* PostProcessor.swift in Sources */ = {isa = PBXBuildFile; fileRef = B10012; };
		A20006 /* VocabularyStore.swift in Sources */ = {isa = PBXBuildFile; fileRef = B10008; };
		A20007 /* Config.swift in Sources */ = {isa = PBXBuildFile; fileRef = B10010; };
		A20008 /* KeyStorage.swift in Sources */ = {isa = PBXBuildFile; fileRef = B10007; };
		A20009 /* AppIdentity.swift in Sources */ = {isa = PBXBuildFile; fileRef = B10011; };
		A20010 /* TalkTypeKeyboard.appex in Embed App Extensions */ = {isa = PBXBuildFile; fileRef = C30001; settings = {ATTRIBUTES = (RemoveHeadersOnCopy, ); }; };
		A30001 /* KeyboardViewController.swift in Sources */ = {isa = PBXBuildFile; fileRef = B30001; };
		A30002 /* Transcriber.swift in Sources */ = {isa = PBXBuildFile; fileRef = B10004; };
		A30003 /* AudioRecorder.swift in Sources */ = {isa = PBXBuildFile; fileRef = B10003; };
		A30004 /* PostProcessor.swift in Sources */ = {isa = PBXBuildFile; fileRef = B10012; };
		A30005 /* VocabularyStore.swift in Sources */ = {isa = PBXBuildFile; fileRef = B10008; };
		A30006 /* Config.swift in Sources */ = {isa = PBXBuildFile; fileRef = B10010; };
		A30007 /* KeyStorage.swift in Sources */ = {isa = PBXBuildFile; fileRef = B10007; };
		A30008 /* AppIdentity.swift in Sources */ = {isa = PBXBuildFile; fileRef = B10011; };
/* End PBXBuildFile section */

/* Begin PBXContainerItemProxy section */
		PROXY30001 = {
			isa = PBXContainerItemProxy;
			containerPortal = H10001;
			proxyType = 1;
			remoteGlobalIDString = F30001;
			remoteInfo = TalkTypeKeyboard;
		};
/* End PBXContainerItemProxy section */

/* Begin PBXCopyFilesBuildPhase section */
		EMBED20001 /* Embed App Extensions */ = {
			isa = PBXCopyFilesBuildPhase;
			buildActionMask = 2147483647;
			dstPath = "";
			dstSubfolderSpec = 13;
			files = (
				A20010 /* TalkTypeKeyboard.appex in Embed App Extensions */,
			);
			name = "Embed App Extensions";
			runOnlyForDeploymentPostprocessing = 0;
		};
/* End PBXCopyFilesBuildPhase section */

/* Begin PBXFileReference section */
		B10001 /* TalkTypeApp.swift */ = {isa = PBXFileReference; lastKnownFileType = sourcecode.swift; path = TalkTypeApp.swift; sourceTree = "<group>"; };
		B10002 /* DictationManager.swift */ = {isa = PBXFileReference; lastKnownFileType = sourcecode.swift; path = DictationManager.swift; sourceTree = "<group>"; };
		B10003 /* AudioRecorder.swift */ = {isa = PBXFileReference; lastKnownFileType = sourcecode.swift; path = AudioRecorder.swift; sourceTree = "<group>"; };
		B10004 /* Transcriber.swift */ = {isa = PBXFileReference; lastKnownFileType = sourcecode.swift; path = Transcriber.swift; sourceTree = "<group>"; };
		B10005 /* TextInserter.swift */ = {isa = PBXFileReference; lastKnownFileType = sourcecode.swift; path = TextInserter.swift; sourceTree = "<group>"; };
		B10006 /* HotkeyManager.swift */ = {isa = PBXFileReference; lastKnownFileType = sourcecode.swift; path = HotkeyManager.swift; sourceTree = "<group>"; };
		B10007 /* KeyStorage.swift */ = {isa = PBXFileReference; lastKnownFileType = sourcecode.swift; path = KeyStorage.swift; sourceTree = "<group>"; };
		B10008 /* VocabularyStore.swift */ = {isa = PBXFileReference; lastKnownFileType = sourcecode.swift; path = VocabularyStore.swift; sourceTree = "<group>"; };
		B10009 /* OverlayWindow.swift */ = {isa = PBXFileReference; lastKnownFileType = sourcecode.swift; path = OverlayWindow.swift; sourceTree = "<group>"; };
		B10010 /* Config.swift */ = {isa = PBXFileReference; lastKnownFileType = sourcecode.swift; path = Config.swift; sourceTree = "<group>"; };
		B10011 /* AppIdentity.swift */ = {isa = PBXFileReference; lastKnownFileType = sourcecode.swift; path = AppIdentity.swift; sourceTree = "<group>"; };
		B10012 /* PostProcessor.swift */ = {isa = PBXFileReference; lastKnownFileType = sourcecode.swift; path = PostProcessor.swift; sourceTree = "<group>"; };
		B10013 /* Info.plist */ = {isa = PBXFileReference; lastKnownFileType = text.plist.xml; path = Info.plist; sourceTree = "<group>"; };
		B10014 /* TalkType.entitlements */ = {isa = PBXFileReference; lastKnownFileType = text.plist.entitlements; path = TalkType.entitlements; sourceTree = "<group>"; };
		B10015 /* Assets.xcassets */ = {isa = PBXFileReference; lastKnownFileType = folder.assetcatalog; path = Assets.xcassets; sourceTree = "<group>"; };
		C10001 /* TalkType.app */ = {isa = PBXFileReference; explicitFileType = wrapper.application; includeInIndex = 0; path = TalkType.app; sourceTree = BUILT_PRODUCTS_DIR; };
		B10016 /* HotkeySettingsWindow.swift */ = {isa = PBXFileReference; lastKnownFileType = sourcecode.swift; path = HotkeySettingsWindow.swift; sourceTree = "<group>"; };
		B20001 /* TalkTypeiOSApp.swift */ = {isa = PBXFileReference; lastKnownFileType = sourcecode.swift; path = TalkTypeiOSApp.swift; sourceTree = "<group>"; };
		B20002 /* SettingsView.swift */ = {isa = PBXFileReference; lastKnownFileType = sourcecode.swift; path = SettingsView.swift; sourceTree = "<group>"; };
		B20003 /* Info.plist */ = {isa = PBXFileReference; lastKnownFileType = text.plist.xml; path = Info.plist; sourceTree = "<group>"; };
		B20004 /* TalkTypeiOS.entitlements */ = {isa = PBXFileReference; lastKnownFileType = text.plist.entitlements; path = TalkTypeiOS.entitlements; sourceTree = "<group>"; };
		C20001 /* TalkTypeiOS.app */ = {isa = PBXFileReference; explicitFileType = wrapper.application; includeInIndex = 0; path = TalkTypeiOS.app; sourceTree = BUILT_PRODUCTS_DIR; };
		B30001 /* KeyboardViewController.swift */ = {isa = PBXFileReference; lastKnownFileType = sourcecode.swift; path = KeyboardViewController.swift; sourceTree = "<group>"; };
		B30002 /* Info.plist */ = {isa = PBXFileReference; lastKnownFileType = text.plist.xml; path = Info.plist; sourceTree = "<group>"; };
		B30003 /* TalkTypeKeyboard.entitlements */ = {isa = PBXFileReference; lastKnownFileType = text.plist.entitlements; path = TalkTypeKeyboard.entitlements; sourceTree = "<group>"; };
		C30001 /* TalkTypeKeyboard.appex */ = {isa = PBXFileReference; explicitFileType = "wrapper.app-extension"; includeInIndex = 0; path = TalkTypeKeyboard.appex; sourceTree = BUILT_PRODUCTS_DIR; };
/* End PBXFileReference section */

/* Begin PBXFrameworksBuildPhase section */
		D10001 /* Frameworks */ = {
			isa = PBXFrameworksBuildPhase;
			buildActionMask = 2147483647;
			files = (
				A10015 /* KeyboardShortcuts in Frameworks */,
			);
			runOnlyForDeploymentPostprocessing = 0;
		};
		D20001 /* Frameworks */ = {
			isa = PBXFrameworksBuildPhase;
			buildActionMask = 2147483647;
			files = (
			);
			runOnlyForDeploymentPostprocessing = 0;
		};
		D30001 /* Frameworks */ = {
			isa = PBXFrameworksBuildPhase;
			buildActionMask = 2147483647;
			files = (
			);
			runOnlyForDeploymentPostprocessing = 0;
		};
/* End PBXFrameworksBuildPhase section */

/* Begin PBXGroup section */
		E10001 = {
			isa = PBXGroup;
			children = (
				E10002 /* TalkType */,
				E20001 /* TalkTypeiOS */,
				E30001 /* TalkTypeKeyboard */,
				E10003 /* Products */,
			);
			sourceTree = "<group>";
		};
		E10002 /* TalkType */ = {
			isa = PBXGroup;
			children = (
				B10001 /* TalkTypeApp.swift */,
				B10002 /* DictationManager.swift */,
				B10003 /* AudioRecorder.swift */,
				B10004 /* Transcriber.swift */,
				B10005 /* TextInserter.swift */,
				B10006 /* HotkeyManager.swift */,
				B10007 /* KeyStorage.swift */,
				B10008 /* VocabularyStore.swift */,
				B10009 /* OverlayWindow.swift */,
				B10010 /* Config.swift */,
				B10011 /* AppIdentity.swift */,
				B10012 /* PostProcessor.swift */,
				B10016 /* HotkeySettingsWindow.swift */,
				B10013 /* Info.plist */,
				B10014 /* TalkType.entitlements */,
				B10015 /* Assets.xcassets */,
			);
			path = TalkType;
			sourceTree = "<group>";
		};
		E10003 /* Products */ = {
			isa = PBXGroup;
			children = (
				C10001 /* TalkType.app */,
				C20001 /* TalkTypeiOS.app */,
				C30001 /* TalkTypeKeyboard.appex */,
			);
			name = Products;
			sourceTree = "<group>";
		};
		E20001 /* TalkTypeiOS */ = {
			isa = PBXGroup;
			children = (
				B20001 /* TalkTypeiOSApp.swift */,
				B20002 /* SettingsView.swift */,
				B20003 /* Info.plist */,
				B20004 /* TalkTypeiOS.entitlements */,
			);
			path = TalkTypeiOS;
			sourceTree = "<group>";
		};
		E30001 /* TalkTypeKeyboard */ = {
			isa = PBXGroup;
			children = (
				B30001 /* KeyboardViewController.swift */,
				B30002 /* Info.plist */,
				B30003 /* TalkTypeKeyboard.entitlements */,
			);
			path = TalkTypeKeyboard;
			sourceTree = "<group>";
		};
/* End PBXGroup section */

/* Begin PBXNativeTarget section */
		F10001 /* TalkType */ = {
			isa = PBXNativeTarget;
			buildConfigurationList = G10003;
			buildPhases = (
				F10002 /* Sources */,
				D10001 /* Frameworks */,
				F10003 /* Resources */,
			);
			buildRules = (
			);
			dependencies = (
			);
			name = TalkType;
			packageProductDependencies = (
				PKG10002 /* KeyboardShortcuts */,
			);
			productName = TalkType;
			productReference = C10001 /* TalkType.app */;
			productType = "com.apple.product-type.application";
		};
		F20001 /* TalkTypeiOS */ = {
			isa = PBXNativeTarget;
			buildConfigurationList = G20003;
			buildPhases = (
				F20002 /* Sources */,
				D20001 /* Frameworks */,
				F20003 /* Resources */,
				EMBED20001 /* Embed App Extensions */,
			);
			buildRules = (
			);
			dependencies = (
				DEP30001 /* PBXTargetDependency */,
			);
			name = TalkTypeiOS;
			productName = TalkTypeiOS;
			productReference = C20001 /* TalkTypeiOS.app */;
			productType = "com.apple.product-type.application";
		};
		F30001 /* TalkTypeKeyboard */ = {
			isa = PBXNativeTarget;
			buildConfigurationList = G30003;
			buildPhases = (
				F30002 /* Sources */,
				D30001 /* Frameworks */,
				F30003 /* Resources */,
			);
			buildRules = (
			);
			dependencies = (
			);
			name = TalkTypeKeyboard;
			productName = TalkTypeKeyboard;
			productReference = C30001 /* TalkTypeKeyboard.appex */;
			productType = "com.apple.product-type.app-extension";
		};
/* End PBXNativeTarget section */

/* Begin PBXProject section */
		H10001 /* Project object */ = {
			isa = PBXProject;
			attributes = {
				BuildIndependentTargetsInParallel = 1;
				LastSwiftUpdateCheck = 1540;
				LastUpgradeCheck = 1540;
			};
			buildConfigurationList = G10001;
			compatibilityVersion = "Xcode 14.0";
			developmentRegion = en;
			hasScannedForEncodings = 0;
			knownRegions = (
				en,
				Base,
			);
			mainGroup = E10001;
			productRefGroup = E10003 /* Products */;
			packageReferences = (
				PKG10001 /* XCRemoteSwiftPackageReference "KeyboardShortcuts" */,
			);
			projectDirPath = "";
			projectRoot = "";
			targets = (
				F10001 /* TalkType */,
				F20001 /* TalkTypeiOS */,
				F30001 /* TalkTypeKeyboard */,
			);
		};
/* End PBXProject section */

/* Begin PBXTargetDependency section */
		DEP30001 /* PBXTargetDependency */ = {
			isa = PBXTargetDependency;
			target = F30001 /* TalkTypeKeyboard */;
			targetProxy = PROXY30001;
		};
/* End PBXTargetDependency section */

/* Begin XCRemoteSwiftPackageReference section */
		PKG10001 /* KeyboardShortcuts */ = {
			isa = XCRemoteSwiftPackageReference;
			repositoryURL = "https://github.com/sindresorhus/KeyboardShortcuts";
			requirement = {
				kind = upToNextMajorVersion;
				minimumVersion = 2.0.0;
			};
		};
/* End XCRemoteSwiftPackageReference section */

/* Begin XCSwiftPackageProductDependency section */
		PKG10002 /* KeyboardShortcuts */ = {
			isa = XCSwiftPackageProductDependency;
			package = PKG10001 /* KeyboardShortcuts */;
			productName = KeyboardShortcuts;
		};
/* End XCSwiftPackageProductDependency section */

/* Begin PBXSourcesBuildPhase section */
		F10002 /* Sources */ = {
			isa = PBXSourcesBuildPhase;
			buildActionMask = 2147483647;
			files = (
				A10001 /* TalkTypeApp.swift in Sources */,
				A10002 /* DictationManager.swift in Sources */,
				A10003 /* AudioRecorder.swift in Sources */,
				A10004 /* Transcriber.swift in Sources */,
				A10005 /* TextInserter.swift in Sources */,
				A10006 /* HotkeyManager.swift in Sources */,
				A10007 /* KeyStorage.swift in Sources */,
				A10008 /* VocabularyStore.swift in Sources */,
				A10009 /* OverlayWindow.swift in Sources */,
				A10010 /* Config.swift in Sources */,
				A10011 /* AppIdentity.swift in Sources */,
				A10012 /* PostProcessor.swift in Sources */,
				A10014 /* HotkeySettingsWindow.swift in Sources */,
			);
			runOnlyForDeploymentPostprocessing = 0;
		};
		F20002 /* Sources */ = {
			isa = PBXSourcesBuildPhase;
			buildActionMask = 2147483647;
			files = (
				A20001 /* TalkTypeiOSApp.swift in Sources */,
				A20002 /* SettingsView.swift in Sources */,
				A20003 /* Transcriber.swift in Sources */,
				A20004 /* AudioRecorder.swift in Sources */,
				A20005 /* PostProcessor.swift in Sources */,
				A20006 /* VocabularyStore.swift in Sources */,
				A20007 /* Config.swift in Sources */,
				A20008 /* KeyStorage.swift in Sources */,
				A20009 /* AppIdentity.swift in Sources */,
			);
			runOnlyForDeploymentPostprocessing = 0;
		};
		F30002 /* Sources */ = {
			isa = PBXSourcesBuildPhase;
			buildActionMask = 2147483647;
			files = (
				A30001 /* KeyboardViewController.swift in Sources */,
				A30002 /* Transcriber.swift in Sources */,
				A30003 /* AudioRecorder.swift in Sources */,
				A30004 /* PostProcessor.swift in Sources */,
				A30005 /* VocabularyStore.swift in Sources */,
				A30006 /* Config.swift in Sources */,
				A30007 /* KeyStorage.swift in Sources */,
				A30008 /* AppIdentity.swift in Sources */,
			);
			runOnlyForDeploymentPostprocessing = 0;
		};
/* End PBXSourcesBuildPhase section */

/* Begin PBXResourcesBuildPhase section */
		F10003 /* Resources */ = {
			isa = PBXResourcesBuildPhase;
			buildActionMask = 2147483647;
			files = (
				A10013 /* Assets.xcassets in Resources */,
			);
			runOnlyForDeploymentPostprocessing = 0;
		};
		F20003 /* Resources */ = {
			isa = PBXResourcesBuildPhase;
			buildActionMask = 2147483647;
			files = (
			);
			runOnlyForDeploymentPostprocessing = 0;
		};
		F30003 /* Resources */ = {
			isa = PBXResourcesBuildPhase;
			buildActionMask = 2147483647;
			files = (
			);
			runOnlyForDeploymentPostprocessing = 0;
		};
/* End PBXResourcesBuildPhase section */

/* Begin XCBuildConfiguration section */
		G10002 /* Debug */ = {
			isa = XCBuildConfiguration;
			buildSettings = {
				ALWAYS_SEARCH_USER_PATHS = NO;
				CLANG_ANALYZER_NONNULL = YES;
				CLANG_CXX_LANGUAGE_STANDARD = "gnu++20";
				CLANG_ENABLE_MODULES = YES;
				CLANG_ENABLE_OBJC_ARC = YES;
				COPY_PHASE_STRIP = NO;
				DEBUG_INFORMATION_FORMAT = dwarf;
				ENABLE_STRICT_OBJC_MSGSEND = YES;
				ENABLE_TESTABILITY = YES;
				GCC_DYNAMIC_NO_PIC = NO;
				GCC_OPTIMIZATION_LEVEL = 0;
				GCC_PREPROCESSOR_DEFINITIONS = (
					"DEBUG=1",
					"$(inherited)",
				);
				GCC_WARN_ABOUT_RETURN_TYPE = YES_ERROR;
				GCC_WARN_UNINITIALIZED_AUTOS = YES_AGGRESSIVE;
				IPHONEOS_DEPLOYMENT_TARGET = 16.0;
				MACOSX_DEPLOYMENT_TARGET = 13.0;
				MTL_ENABLE_DEBUG_INFO = INCLUDE_SOURCE;
				ONLY_ACTIVE_ARCH = YES;
				SWIFT_ACTIVE_COMPILATION_CONDITIONS = DEBUG;
				SWIFT_OPTIMIZATION_LEVEL = "-Onone";
			};
			name = Debug;
		};
		G10004 /* Release */ = {
			isa = XCBuildConfiguration;
			buildSettings = {
				ALWAYS_SEARCH_USER_PATHS = NO;
				CLANG_ANALYZER_NONNULL = YES;
				CLANG_CXX_LANGUAGE_STANDARD = "gnu++20";
				CLANG_ENABLE_MODULES = YES;
				CLANG_ENABLE_OBJC_ARC = YES;
				COPY_PHASE_STRIP = NO;
				DEBUG_INFORMATION_FORMAT = "dwarf-with-dsym";
				ENABLE_NS_ASSERTIONS = NO;
				ENABLE_STRICT_OBJC_MSGSEND = YES;
				GCC_WARN_ABOUT_RETURN_TYPE = YES_ERROR;
				GCC_WARN_UNINITIALIZED_AUTOS = YES_AGGRESSIVE;
				IPHONEOS_DEPLOYMENT_TARGET = 16.0;
				MACOSX_DEPLOYMENT_TARGET = 13.0;
				SWIFT_COMPILATION_MODE = wholemodule;
				SWIFT_OPTIMIZATION_LEVEL = "-O";
			};
			name = Release;
		};
		G10005 /* Debug */ = {
			isa = XCBuildConfiguration;
			buildSettings = {
				ASSETCATALOG_COMPILER_APPICON_NAME = AppIcon;
				CODE_SIGN_ENTITLEMENTS = TalkType/TalkType.entitlements;
				CODE_SIGN_STYLE = Automatic;
				COMBINE_HIDPI_IMAGES = YES;
				CURRENT_PROJECT_VERSION = 1;
				GENERATE_INFOPLIST_FILE = NO;
				INFOPLIST_FILE = TalkType/Info.plist;
				MARKETING_VERSION = 1.0.0;
				PRODUCT_BUNDLE_IDENTIFIER = dev.talktype.local;
				PRODUCT_NAME = "$(TARGET_NAME)";
				SDKROOT = macosx;
				SWIFT_EMIT_LOC_STRINGS = YES;
				SWIFT_VERSION = 5.0;
			};
			name = Debug;
		};
		G10006 /* Release */ = {
			isa = XCBuildConfiguration;
			buildSettings = {
				ASSETCATALOG_COMPILER_APPICON_NAME = AppIcon;
				CODE_SIGN_ENTITLEMENTS = TalkType/TalkType.entitlements;
				CODE_SIGN_INJECT_BASE_ENTITLEMENTS = NO;
				CODE_SIGN_STYLE = Automatic;
				COMBINE_HIDPI_IMAGES = YES;
				CURRENT_PROJECT_VERSION = 1;
				GENERATE_INFOPLIST_FILE = NO;
				INFOPLIST_FILE = TalkType/Info.plist;
				MARKETING_VERSION = 1.0.0;
				PRODUCT_BUNDLE_IDENTIFIER = dev.talktype.local;
				PRODUCT_NAME = "$(TARGET_NAME)";
				SDKROOT = macosx;
				SWIFT_EMIT_LOC_STRINGS = YES;
				SWIFT_VERSION = 5.0;
			};
			name = Release;
		};
		G20005 /* Debug */ = {
			isa = XCBuildConfiguration;
			buildSettings = {
				ASSETCATALOG_COMPILER_APPICON_NAME = AppIcon;
				ALWAYS_EMBED_SWIFT_STANDARD_LIBRARIES = YES;
				CODE_SIGN_ENTITLEMENTS = TalkTypeiOS/TalkTypeiOS.entitlements;
				CODE_SIGN_STYLE = Automatic;
				CURRENT_PROJECT_VERSION = 1;
				GENERATE_INFOPLIST_FILE = NO;
				INFOPLIST_FILE = TalkTypeiOS/Info.plist;
				INFOPLIST_KEY_UIApplicationSupportsIndirectInputEvents = YES;
				IPHONEOS_DEPLOYMENT_TARGET = 16.0;
				MARKETING_VERSION = 1.0.0;
				PRODUCT_BUNDLE_IDENTIFIER = dev.talktype.ios;
				PRODUCT_NAME = TalkType;
				SDKROOT = iphoneos;
				SWIFT_EMIT_LOC_STRINGS = YES;
				SWIFT_VERSION = 5.0;
				TARGETED_DEVICE_FAMILY = "1,2";
			};
			name = Debug;
		};
		G20006 /* Release */ = {
			isa = XCBuildConfiguration;
			buildSettings = {
				ASSETCATALOG_COMPILER_APPICON_NAME = AppIcon;
				ALWAYS_EMBED_SWIFT_STANDARD_LIBRARIES = YES;
				CODE_SIGN_ENTITLEMENTS = TalkTypeiOS/TalkTypeiOS.entitlements;
				CODE_SIGN_STYLE = Automatic;
				CURRENT_PROJECT_VERSION = 1;
				GENERATE_INFOPLIST_FILE = NO;
				INFOPLIST_FILE = TalkTypeiOS/Info.plist;
				INFOPLIST_KEY_UIApplicationSupportsIndirectInputEvents = YES;
				IPHONEOS_DEPLOYMENT_TARGET = 16.0;
				MARKETING_VERSION = 1.0.0;
				PRODUCT_BUNDLE_IDENTIFIER = dev.talktype.ios;
				PRODUCT_NAME = TalkType;
				SDKROOT = iphoneos;
				SWIFT_EMIT_LOC_STRINGS = YES;
				SWIFT_VERSION = 5.0;
				TARGETED_DEVICE_FAMILY = "1,2";
			};
			name = Release;
		};
		G30005 /* Debug */ = {
			isa = XCBuildConfiguration;
			buildSettings = {
				CODE_SIGN_ENTITLEMENTS = TalkTypeKeyboard/TalkTypeKeyboard.entitlements;
				CODE_SIGN_STYLE = Automatic;
				CURRENT_PROJECT_VERSION = 1;
				GENERATE_INFOPLIST_FILE = NO;
				INFOPLIST_FILE = TalkTypeKeyboard/Info.plist;
				IPHONEOS_DEPLOYMENT_TARGET = 16.0;
				MARKETING_VERSION = 1.0.0;
				PRODUCT_BUNDLE_IDENTIFIER = dev.talktype.ios.keyboard;
				PRODUCT_NAME = "$(TARGET_NAME)";
				SDKROOT = iphoneos;
				SWIFT_EMIT_LOC_STRINGS = YES;
				SWIFT_VERSION = 5.0;
				TARGETED_DEVICE_FAMILY = "1,2";
			};
			name = Debug;
		};
		G30006 /* Release */ = {
			isa = XCBuildConfiguration;
			buildSettings = {
				CODE_SIGN_ENTITLEMENTS = TalkTypeKeyboard/TalkTypeKeyboard.entitlements;
				CODE_SIGN_STYLE = Automatic;
				CURRENT_PROJECT_VERSION = 1;
				GENERATE_INFOPLIST_FILE = NO;
				INFOPLIST_FILE = TalkTypeKeyboard/Info.plist;
				IPHONEOS_DEPLOYMENT_TARGET = 16.0;
				MARKETING_VERSION = 1.0.0;
				PRODUCT_BUNDLE_IDENTIFIER = dev.talktype.ios.keyboard;
				PRODUCT_NAME = "$(TARGET_NAME)";
				SDKROOT = iphoneos;
				SWIFT_EMIT_LOC_STRINGS = YES;
				SWIFT_VERSION = 5.0;
				TARGETED_DEVICE_FAMILY = "1,2";
			};
			name = Release;
		};
/* End XCBuildConfiguration section */

/* Begin XCConfigurationList section */
		G10001 /* Build configuration list for PBXProject "TalkType" */ = {
			isa = XCConfigurationList;
			buildConfigurations = (
				G10002 /* Debug */,
				G10004 /* Release */,
			);
			defaultConfigurationIsVisible = 0;
			defaultConfigurationName = Release;
		};
		G10003 /* Build configuration list for PBXNativeTarget "TalkType" */ = {
			isa = XCConfigurationList;
			buildConfigurations = (
				G10005 /* Debug */,
				G10006 /* Release */,
			);
			defaultConfigurationIsVisible = 0;
			defaultConfigurationName = Release;
		};
		G20003 /* Build configuration list for PBXNativeTarget "TalkTypeiOS" */ = {
			isa = XCConfigurationList;
			buildConfigurations = (
				G20005 /* Debug */,
				G20006 /* Release */,
			);
			defaultConfigurationIsVisible = 0;
			defaultConfigurationName = Release;
		};
		G30003 /* Build configuration list for PBXNativeTarget "TalkTypeKeyboard" */ = {
			isa = XCConfigurationList;
			buildConfigurations = (
				G30005 /* Debug */,
				G30006 /* Release */,
			);
			defaultConfigurationIsVisible = 0;
			defaultConfigurationName = Release;
		};
/* End XCConfigurationList section */
	};
	rootObject = H10001 /* Project object */;
}
